// !$*UTF8*$!
{
	archiveVersion = 1;
	classes = {
	};
	objectVersion = 55;
	objects = {

/* Begin PBXBuildFile section */
		105032EE2A85936400276CF5 /* MuseumItemsListSectionHeaderView.swift in Sources */ = {isa = PBXBuildFile; fileRef = 105032ED2A85936400276CF5 /* MuseumItemsListSectionHeaderView.swift */; };
		105032F02A8596CB00276CF5 /* MuseumItemCollectionViewCellConfiguration.swift in Sources */ = {isa = PBXBuildFile; fileRef = 105032EF2A8596CB00276CF5 /* MuseumItemCollectionViewCellConfiguration.swift */; };
		105032F32A85974A00276CF5 /* MuseumItemsListCollectionViewDataSourcing.swift in Sources */ = {isa = PBXBuildFile; fileRef = 105032F22A85974A00276CF5 /* MuseumItemsListCollectionViewDataSourcing.swift */; };
		105032F62A859AD000276CF5 /* Kingfisher in Frameworks */ = {isa = PBXBuildFile; productRef = 105032F52A859AD000276CF5 /* Kingfisher */; };
		105032F92A85A81600276CF5 /* MuseumItemCollectionViewCellInteractor.swift in Sources */ = {isa = PBXBuildFile; fileRef = 105032F82A85A81600276CF5 /* MuseumItemCollectionViewCellInteractor.swift */; };
		105033012A86C47200276CF5 /* Image.swift in Sources */ = {isa = PBXBuildFile; fileRef = 105033002A86C47200276CF5 /* Image.swift */; };
		105033042A86C52800276CF5 /* MuseumItemCollectionViewCellInteractorOutputProtocol.swift in Sources */ = {isa = PBXBuildFile; fileRef = 105033032A86C52800276CF5 /* MuseumItemCollectionViewCellInteractorOutputProtocol.swift */; };
		105033062A86C55900276CF5 /* MuseumItemCollectionViewCellInteractorInputProtocol.swift in Sources */ = {isa = PBXBuildFile; fileRef = 105033052A86C55900276CF5 /* MuseumItemCollectionViewCellInteractorInputProtocol.swift */; };
		10751D582A82D85D001DB36D /* Networking in Frameworks */ = {isa = PBXBuildFile; productRef = 10751D572A82D85D001DB36D /* Networking */; };
		10751D5C2A842DC7001DB36D /* MuseumItemsListViewController.swift in Sources */ = {isa = PBXBuildFile; fileRef = 10751D5B2A842DC7001DB36D /* MuseumItemsListViewController.swift */; };
		10751D5F2A842F0E001DB36D /* MuseumItemsListCompositionalLayoutMaker.swift in Sources */ = {isa = PBXBuildFile; fileRef = 10751D5E2A842F0E001DB36D /* MuseumItemsListCompositionalLayoutMaker.swift */; };
		10751D612A842F7D001DB36D /* MuseumItemsListSection.swift in Sources */ = {isa = PBXBuildFile; fileRef = 10751D602A842F7D001DB36D /* MuseumItemsListSection.swift */; };
		10751D642A843100001DB36D /* UIView+LayoutConstraints.swift in Sources */ = {isa = PBXBuildFile; fileRef = 10751D632A843100001DB36D /* UIView+LayoutConstraints.swift */; };
		10751D6A2A84351B001DB36D /* MuseumItemsListPresenter.swift in Sources */ = {isa = PBXBuildFile; fileRef = 10751D692A84351B001DB36D /* MuseumItemsListPresenter.swift */; };
		10751D6C2A843573001DB36D /* MuseumItemsListInteractor.swift in Sources */ = {isa = PBXBuildFile; fileRef = 10751D6B2A843573001DB36D /* MuseumItemsListInteractor.swift */; };
		10751D6E2A8436B9001DB36D /* MuseumItemsListInteractorOutputProtocol.swift in Sources */ = {isa = PBXBuildFile; fileRef = 10751D6D2A8436B9001DB36D /* MuseumItemsListInteractorOutputProtocol.swift */; };
		10751D702A8436FC001DB36D /* MuseumItemsListViewable.swift in Sources */ = {isa = PBXBuildFile; fileRef = 10751D6F2A8436FC001DB36D /* MuseumItemsListViewable.swift */; };
		10751D722A843767001DB36D /* MuseumItemsListPresentation.swift in Sources */ = {isa = PBXBuildFile; fileRef = 10751D712A843767001DB36D /* MuseumItemsListPresentation.swift */; };
		10751D742A84377F001DB36D /* MuseumItemsListInteractorInputProtocol.swift in Sources */ = {isa = PBXBuildFile; fileRef = 10751D732A84377F001DB36D /* MuseumItemsListInteractorInputProtocol.swift */; };
		10751D762A8437ED001DB36D /* MuseumItemsListBuilder.swift in Sources */ = {isa = PBXBuildFile; fileRef = 10751D752A8437ED001DB36D /* MuseumItemsListBuilder.swift */; };
		10751D7A2A843CC0001DB36D /* ArtObject.swift in Sources */ = {isa = PBXBuildFile; fileRef = 10751D792A843CC0001DB36D /* ArtObject.swift */; };
		10751D7C2A843D05001DB36D /* ImageEntity.swift in Sources */ = {isa = PBXBuildFile; fileRef = 10751D7B2A843D05001DB36D /* ImageEntity.swift */; };
		10751D7E2A843DDD001DB36D /* MuseumBaseURLHaving.swift in Sources */ = {isa = PBXBuildFile; fileRef = 10751D7D2A843DDD001DB36D /* MuseumBaseURLHaving.swift */; };
		10751D802A843E60001DB36D /* MuseumRequest.swift in Sources */ = {isa = PBXBuildFile; fileRef = 10751D7F2A843E60001DB36D /* MuseumRequest.swift */; };
		10751D832A843EF1001DB36D /* MuseumItemsListService.swift in Sources */ = {isa = PBXBuildFile; fileRef = 10751D822A843EF1001DB36D /* MuseumItemsListService.swift */; };
		10751D852A843F03001DB36D /* MuseumItemsListServing.swift in Sources */ = {isa = PBXBuildFile; fileRef = 10751D842A843F03001DB36D /* MuseumItemsListServing.swift */; };
		10751D882A843F8A001DB36D /* GetMuseumItemsRequest.swift in Sources */ = {isa = PBXBuildFile; fileRef = 10751D872A843F8A001DB36D /* GetMuseumItemsRequest.swift */; };
		10751D8A2A843FB6001DB36D /* GetMuseumItemsRequestParameters.swift in Sources */ = {isa = PBXBuildFile; fileRef = 10751D892A843FB6001DB36D /* GetMuseumItemsRequestParameters.swift */; };
		10751D8C2A843FE3001DB36D /* GetMuseumItemsResponse.swift in Sources */ = {isa = PBXBuildFile; fileRef = 10751D8B2A843FE3001DB36D /* GetMuseumItemsResponse.swift */; };
		10751D8E2A8443F1001DB36D /* Secret.swift in Sources */ = {isa = PBXBuildFile; fileRef = 10751D8D2A8443F1001DB36D /* Secret.swift */; };
		10751D912A856E30001DB36D /* MuseumItemsListCollectionViewDataSource.swift in Sources */ = {isa = PBXBuildFile; fileRef = 10751D902A856E30001DB36D /* MuseumItemsListCollectionViewDataSource.swift */; };
		10751D942A856F86001DB36D /* MuseumItemCollectionViewCell.swift in Sources */ = {isa = PBXBuildFile; fileRef = 10751D932A856F86001DB36D /* MuseumItemCollectionViewCell.swift */; };
		10751D982A85725F001DB36D /* Spacing.swift in Sources */ = {isa = PBXBuildFile; fileRef = 10751D972A85725F001DB36D /* Spacing.swift */; };
		10751D9A2A857287001DB36D /* Font.swift in Sources */ = {isa = PBXBuildFile; fileRef = 10751D992A857287001DB36D /* Font.swift */; };
		10751D9C2A85782B001DB36D /* ArtObject+MuseumItemCollectionViewCellConfiguration.swift in Sources */ = {isa = PBXBuildFile; fileRef = 10751D9B2A85782B001DB36D /* ArtObject+MuseumItemCollectionViewCellConfiguration.swift */; };
		10A623372A818CBA008D1D2F /* AppDelegate.swift in Sources */ = {isa = PBXBuildFile; fileRef = 10A623362A818CBA008D1D2F /* AppDelegate.swift */; };
		10A623402A818CBB008D1D2F /* Assets.xcassets in Resources */ = {isa = PBXBuildFile; fileRef = 10A6233F2A818CBB008D1D2F /* Assets.xcassets */; };
		10A623432A818CBB008D1D2F /* LaunchScreen.storyboard in Resources */ = {isa = PBXBuildFile; fileRef = 10A623412A818CBB008D1D2F /* LaunchScreen.storyboard */; };
		10A6234E2A818CBC008D1D2F /* MuseumTests.swift in Sources */ = {isa = PBXBuildFile; fileRef = 10A6234D2A818CBC008D1D2F /* MuseumTests.swift */; };
/* End PBXBuildFile section */

/* Begin PBXContainerItemProxy section */
		10A6234A2A818CBC008D1D2F /* PBXContainerItemProxy */ = {
			isa = PBXContainerItemProxy;
			containerPortal = 10A6232B2A818CB9008D1D2F /* Project object */;
			proxyType = 1;
			remoteGlobalIDString = 10A623322A818CBA008D1D2F;
			remoteInfo = Museum;
		};
/* End PBXContainerItemProxy section */

/* Begin PBXFileReference section */
		105032ED2A85936400276CF5 /* MuseumItemsListSectionHeaderView.swift */ = {isa = PBXFileReference; lastKnownFileType = sourcecode.swift; path = MuseumItemsListSectionHeaderView.swift; sourceTree = "<group>"; };
		105032EF2A8596CB00276CF5 /* MuseumItemCollectionViewCellConfiguration.swift */ = {isa = PBXFileReference; lastKnownFileType = sourcecode.swift; path = MuseumItemCollectionViewCellConfiguration.swift; sourceTree = "<group>"; };
		105032F22A85974A00276CF5 /* MuseumItemsListCollectionViewDataSourcing.swift */ = {isa = PBXFileReference; lastKnownFileType = sourcecode.swift; path = MuseumItemsListCollectionViewDataSourcing.swift; sourceTree = "<group>"; };
		105032F82A85A81600276CF5 /* MuseumItemCollectionViewCellInteractor.swift */ = {isa = PBXFileReference; lastKnownFileType = sourcecode.swift; path = MuseumItemCollectionViewCellInteractor.swift; sourceTree = "<group>"; };
		105033002A86C47200276CF5 /* Image.swift */ = {isa = PBXFileReference; lastKnownFileType = sourcecode.swift; path = Image.swift; sourceTree = "<group>"; };
		105033032A86C52800276CF5 /* MuseumItemCollectionViewCellInteractorOutputProtocol.swift */ = {isa = PBXFileReference; lastKnownFileType = sourcecode.swift; path = MuseumItemCollectionViewCellInteractorOutputProtocol.swift; sourceTree = "<group>"; };
		105033052A86C55900276CF5 /* MuseumItemCollectionViewCellInteractorInputProtocol.swift */ = {isa = PBXFileReference; lastKnownFileType = sourcecode.swift; path = MuseumItemCollectionViewCellInteractorInputProtocol.swift; sourceTree = "<group>"; };
		10751D552A82D678001DB36D /* Networking */ = {isa = PBXFileReference; lastKnownFileType = wrapper; path = Networking; sourceTree = "<group>"; };
		10751D5B2A842DC7001DB36D /* MuseumItemsListViewController.swift */ = {isa = PBXFileReference; lastKnownFileType = sourcecode.swift; path = MuseumItemsListViewController.swift; sourceTree = "<group>"; };
		10751D5E2A842F0E001DB36D /* MuseumItemsListCompositionalLayoutMaker.swift */ = {isa = PBXFileReference; lastKnownFileType = sourcecode.swift; path = MuseumItemsListCompositionalLayoutMaker.swift; sourceTree = "<group>"; };
		10751D602A842F7D001DB36D /* MuseumItemsListSection.swift */ = {isa = PBXFileReference; lastKnownFileType = sourcecode.swift; path = MuseumItemsListSection.swift; sourceTree = "<group>"; };
		10751D632A843100001DB36D /* UIView+LayoutConstraints.swift */ = {isa = PBXFileReference; lastKnownFileType = sourcecode.swift; path = "UIView+LayoutConstraints.swift"; sourceTree = "<group>"; };
		10751D692A84351B001DB36D /* MuseumItemsListPresenter.swift */ = {isa = PBXFileReference; lastKnownFileType = sourcecode.swift; path = MuseumItemsListPresenter.swift; sourceTree = "<group>"; };
		10751D6B2A843573001DB36D /* MuseumItemsListInteractor.swift */ = {isa = PBXFileReference; lastKnownFileType = sourcecode.swift; path = MuseumItemsListInteractor.swift; sourceTree = "<group>"; };
		10751D6D2A8436B9001DB36D /* MuseumItemsListInteractorOutputProtocol.swift */ = {isa = PBXFileReference; lastKnownFileType = sourcecode.swift; path = MuseumItemsListInteractorOutputProtocol.swift; sourceTree = "<group>"; };
		10751D6F2A8436FC001DB36D /* MuseumItemsListViewable.swift */ = {isa = PBXFileReference; lastKnownFileType = sourcecode.swift; path = MuseumItemsListViewable.swift; sourceTree = "<group>"; };
		10751D712A843767001DB36D /* MuseumItemsListPresentation.swift */ = {isa = PBXFileReference; lastKnownFileType = sourcecode.swift; path = MuseumItemsListPresentation.swift; sourceTree = "<group>"; };
		10751D732A84377F001DB36D /* MuseumItemsListInteractorInputProtocol.swift */ = {isa = PBXFileReference; lastKnownFileType = sourcecode.swift; path = MuseumItemsListInteractorInputProtocol.swift; sourceTree = "<group>"; };
		10751D752A8437ED001DB36D /* MuseumItemsListBuilder.swift */ = {isa = PBXFileReference; lastKnownFileType = sourcecode.swift; path = MuseumItemsListBuilder.swift; sourceTree = "<group>"; };
		10751D792A843CC0001DB36D /* ArtObject.swift */ = {isa = PBXFileReference; lastKnownFileType = sourcecode.swift; path = ArtObject.swift; sourceTree = "<group>"; };
		10751D7B2A843D05001DB36D /* ImageEntity.swift */ = {isa = PBXFileReference; lastKnownFileType = sourcecode.swift; path = ImageEntity.swift; sourceTree = "<group>"; };
		10751D7D2A843DDD001DB36D /* MuseumBaseURLHaving.swift */ = {isa = PBXFileReference; lastKnownFileType = sourcecode.swift; path = MuseumBaseURLHaving.swift; sourceTree = "<group>"; };
		10751D7F2A843E60001DB36D /* MuseumRequest.swift */ = {isa = PBXFileReference; lastKnownFileType = sourcecode.swift; path = MuseumRequest.swift; sourceTree = "<group>"; };
		10751D822A843EF1001DB36D /* MuseumItemsListService.swift */ = {isa = PBXFileReference; lastKnownFileType = sourcecode.swift; path = MuseumItemsListService.swift; sourceTree = "<group>"; };
		10751D842A843F03001DB36D /* MuseumItemsListServing.swift */ = {isa = PBXFileReference; lastKnownFileType = sourcecode.swift; path = MuseumItemsListServing.swift; sourceTree = "<group>"; };
		10751D872A843F8A001DB36D /* GetMuseumItemsRequest.swift */ = {isa = PBXFileReference; lastKnownFileType = sourcecode.swift; path = GetMuseumItemsRequest.swift; sourceTree = "<group>"; };
		10751D892A843FB6001DB36D /* GetMuseumItemsRequestParameters.swift */ = {isa = PBXFileReference; lastKnownFileType = sourcecode.swift; path = GetMuseumItemsRequestParameters.swift; sourceTree = "<group>"; };
		10751D8B2A843FE3001DB36D /* GetMuseumItemsResponse.swift */ = {isa = PBXFileReference; lastKnownFileType = sourcecode.swift; path = GetMuseumItemsResponse.swift; sourceTree = "<group>"; };
		10751D8D2A8443F1001DB36D /* Secret.swift */ = {isa = PBXFileReference; lastKnownFileType = sourcecode.swift; path = Secret.swift; sourceTree = "<group>"; };
		10751D902A856E30001DB36D /* MuseumItemsListCollectionViewDataSource.swift */ = {isa = PBXFileReference; lastKnownFileType = sourcecode.swift; path = MuseumItemsListCollectionViewDataSource.swift; sourceTree = "<group>"; };
		10751D932A856F86001DB36D /* MuseumItemCollectionViewCell.swift */ = {isa = PBXFileReference; lastKnownFileType = sourcecode.swift; path = MuseumItemCollectionViewCell.swift; sourceTree = "<group>"; };
		10751D972A85725F001DB36D /* Spacing.swift */ = {isa = PBXFileReference; lastKnownFileType = sourcecode.swift; path = Spacing.swift; sourceTree = "<group>"; };
		10751D992A857287001DB36D /* Font.swift */ = {isa = PBXFileReference; lastKnownFileType = sourcecode.swift; path = Font.swift; sourceTree = "<group>"; };
		10751D9B2A85782B001DB36D /* ArtObject+MuseumItemCollectionViewCellConfiguration.swift */ = {isa = PBXFileReference; lastKnownFileType = sourcecode.swift; path = "ArtObject+MuseumItemCollectionViewCellConfiguration.swift"; sourceTree = "<group>"; };
		10A623332A818CBA008D1D2F /* Museum.app */ = {isa = PBXFileReference; explicitFileType = wrapper.application; includeInIndex = 0; path = Museum.app; sourceTree = BUILT_PRODUCTS_DIR; };
		10A623362A818CBA008D1D2F /* AppDelegate.swift */ = {isa = PBXFileReference; lastKnownFileType = sourcecode.swift; path = AppDelegate.swift; sourceTree = "<group>"; };
		10A6233F2A818CBB008D1D2F /* Assets.xcassets */ = {isa = PBXFileReference; lastKnownFileType = folder.assetcatalog; path = Assets.xcassets; sourceTree = "<group>"; };
		10A623422A818CBB008D1D2F /* Base */ = {isa = PBXFileReference; lastKnownFileType = file.storyboard; name = Base; path = Base.lproj/LaunchScreen.storyboard; sourceTree = "<group>"; };
		10A623442A818CBB008D1D2F /* Info.plist */ = {isa = PBXFileReference; lastKnownFileType = text.plist.xml; path = Info.plist; sourceTree = "<group>"; };
		10A623492A818CBC008D1D2F /* MuseumTests.xctest */ = {isa = PBXFileReference; explicitFileType = wrapper.cfbundle; includeInIndex = 0; path = MuseumTests.xctest; sourceTree = BUILT_PRODUCTS_DIR; };
		10A6234D2A818CBC008D1D2F /* MuseumTests.swift */ = {isa = PBXFileReference; lastKnownFileType = sourcecode.swift; path = MuseumTests.swift; sourceTree = "<group>"; };
/* End PBXFileReference section */

/* Begin PBXFrameworksBuildPhase section */
		10A623302A818CBA008D1D2F /* Frameworks */ = {
			isa = PBXFrameworksBuildPhase;
			buildActionMask = 2147483647;
			files = (
				105032F62A859AD000276CF5 /* Kingfisher in Frameworks */,
				10751D582A82D85D001DB36D /* Networking in Frameworks */,
			);
			runOnlyForDeploymentPostprocessing = 0;
		};
		10A623462A818CBC008D1D2F /* Frameworks */ = {
			isa = PBXFrameworksBuildPhase;
			buildActionMask = 2147483647;
			files = (
			);
			runOnlyForDeploymentPostprocessing = 0;
		};
/* End PBXFrameworksBuildPhase section */

/* Begin PBXGroup section */
		105032EA2A8590FF00276CF5 /* SectionHeader */ = {
			isa = PBXGroup;
			children = (
				105032ED2A85936400276CF5 /* MuseumItemsListSectionHeaderView.swift */,
			);
			path = SectionHeader;
			sourceTree = "<group>";
		};
		105032F12A85973B00276CF5 /* DataSource */ = {
			isa = PBXGroup;
			children = (
				10751D902A856E30001DB36D /* MuseumItemsListCollectionViewDataSource.swift */,
				105032F22A85974A00276CF5 /* MuseumItemsListCollectionViewDataSourcing.swift */,
			);
			path = DataSource;
			sourceTree = "<group>";
		};
		105032F72A85A7C400276CF5 /* Configuration */ = {
			isa = PBXGroup;
			children = (
				10751D9B2A85782B001DB36D /* ArtObject+MuseumItemCollectionViewCellConfiguration.swift */,
				105032EF2A8596CB00276CF5 /* MuseumItemCollectionViewCellConfiguration.swift */,
			);
			path = Configuration;
			sourceTree = "<group>";
		};
		105033022A86C51500276CF5 /* Interactor */ = {
			isa = PBXGroup;
			children = (
				105032F82A85A81600276CF5 /* MuseumItemCollectionViewCellInteractor.swift */,
				105033052A86C55900276CF5 /* MuseumItemCollectionViewCellInteractorInputProtocol.swift */,
				105033032A86C52800276CF5 /* MuseumItemCollectionViewCellInteractorOutputProtocol.swift */,
			);
			path = Interactor;
			sourceTree = "<group>";
		};
		10751D542A82D5DA001DB36D /* Networking */ = {
			isa = PBXGroup;
			children = (
				10751D552A82D678001DB36D /* Networking */,
			);
			path = Networking;
			sourceTree = "<group>";
		};
		10751D562A82D857001DB36D /* Frameworks */ = {
			isa = PBXGroup;
			children = (
			);
			name = Frameworks;
			sourceTree = "<group>";
		};
		10751D592A842D96001DB36D /* MuseumItemsList */ = {
			isa = PBXGroup;
			children = (
				10751D682A843506001DB36D /* Builder */,
				10751D662A8434CD001DB36D /* Interactor */,
				10751D652A8434C3001DB36D /* Presenter */,
				10751D5A2A842DA8001DB36D /* View */,
			);
			path = MuseumItemsList;
			sourceTree = "<group>";
		};
		10751D5A2A842DA8001DB36D /* View */ = {
			isa = PBXGroup;
			children = (
				10751D5D2A842EE6001DB36D /* CollectionView */,
				10751D5B2A842DC7001DB36D /* MuseumItemsListViewController.swift */,
				10751D6F2A8436FC001DB36D /* MuseumItemsListViewable.swift */,
			);
			path = View;
			sourceTree = "<group>";
		};
		10751D5D2A842EE6001DB36D /* CollectionView */ = {
			isa = PBXGroup;
			children = (
				105032F12A85973B00276CF5 /* DataSource */,
				105032EA2A8590FF00276CF5 /* SectionHeader */,
				10751D922A856F6E001DB36D /* Cell */,
				10751D5E2A842F0E001DB36D /* MuseumItemsListCompositionalLayoutMaker.swift */,
				10751D602A842F7D001DB36D /* MuseumItemsListSection.swift */,
			);
			path = CollectionView;
			sourceTree = "<group>";
		};
		10751D622A8430F4001DB36D /* Extensions */ = {
			isa = PBXGroup;
			children = (
				10751D632A843100001DB36D /* UIView+LayoutConstraints.swift */,
			);
			path = Extensions;
			sourceTree = "<group>";
		};
		10751D652A8434C3001DB36D /* Presenter */ = {
			isa = PBXGroup;
			children = (
				10751D692A84351B001DB36D /* MuseumItemsListPresenter.swift */,
				10751D6D2A8436B9001DB36D /* MuseumItemsListInteractorOutputProtocol.swift */,
				10751D712A843767001DB36D /* MuseumItemsListPresentation.swift */,
			);
			path = Presenter;
			sourceTree = "<group>";
		};
		10751D662A8434CD001DB36D /* Interactor */ = {
			isa = PBXGroup;
			children = (
				10751D812A843EE0001DB36D /* Service */,
				10751D6B2A843573001DB36D /* MuseumItemsListInteractor.swift */,
				10751D732A84377F001DB36D /* MuseumItemsListInteractorInputProtocol.swift */,
			);
			path = Interactor;
			sourceTree = "<group>";
		};
		10751D682A843506001DB36D /* Builder */ = {
			isa = PBXGroup;
			children = (
				10751D752A8437ED001DB36D /* MuseumItemsListBuilder.swift */,
			);
			path = Builder;
			sourceTree = "<group>";
		};
		10751D772A843BE2001DB36D /* Network */ = {
			isa = PBXGroup;
			children = (
				10751D782A843CB5001DB36D /* Models */,
				10751D7D2A843DDD001DB36D /* MuseumBaseURLHaving.swift */,
				10751D7F2A843E60001DB36D /* MuseumRequest.swift */,
				10751D8F2A844548001DB36D /* Secret */,
			);
			path = Network;
			sourceTree = "<group>";
		};
		10751D782A843CB5001DB36D /* Models */ = {
			isa = PBXGroup;
			children = (
				10751D792A843CC0001DB36D /* ArtObject.swift */,
				10751D7B2A843D05001DB36D /* ImageEntity.swift */,
			);
			path = Models;
			sourceTree = "<group>";
		};
		10751D812A843EE0001DB36D /* Service */ = {
			isa = PBXGroup;
			children = (
				10751D862A843F47001DB36D /* RequestAndResponse */,
				10751D822A843EF1001DB36D /* MuseumItemsListService.swift */,
				10751D842A843F03001DB36D /* MuseumItemsListServing.swift */,
			);
			path = Service;
			sourceTree = "<group>";
		};
		10751D862A843F47001DB36D /* RequestAndResponse */ = {
			isa = PBXGroup;
			children = (
				10751D872A843F8A001DB36D /* GetMuseumItemsRequest.swift */,
				10751D892A843FB6001DB36D /* GetMuseumItemsRequestParameters.swift */,
				10751D8B2A843FE3001DB36D /* GetMuseumItemsResponse.swift */,
			);
			path = RequestAndResponse;
			sourceTree = "<group>";
		};
		10751D8F2A844548001DB36D /* Secret */ = {
			isa = PBXGroup;
			children = (
				10751D8D2A8443F1001DB36D /* Secret.swift */,
			);
			path = Secret;
			sourceTree = "<group>";
		};
		10751D922A856F6E001DB36D /* Cell */ = {
			isa = PBXGroup;
			children = (
				10751D932A856F86001DB36D /* MuseumItemCollectionViewCell.swift */,
				105032F72A85A7C400276CF5 /* Configuration */,
				105033022A86C51500276CF5 /* Interactor */,
			);
			path = Cell;
			sourceTree = "<group>";
		};
		10751D952A857240001DB36D /* Utilities */ = {
			isa = PBXGroup;
			children = (
				10751D962A85724D001DB36D /* DesignKit */,
				105033002A86C47200276CF5 /* Image.swift */,
			);
			path = Utilities;
			sourceTree = "<group>";
		};
		10751D962A85724D001DB36D /* DesignKit */ = {
			isa = PBXGroup;
			children = (
				10751D992A857287001DB36D /* Font.swift */,
				10751D972A85725F001DB36D /* Spacing.swift */,
			);
			path = DesignKit;
			sourceTree = "<group>";
		};
		10A6232A2A818CB9008D1D2F = {
			isa = PBXGroup;
			children = (
				10751D542A82D5DA001DB36D /* Networking */,
				10A623352A818CBA008D1D2F /* Museum */,
				10A6234C2A818CBC008D1D2F /* MuseumTests */,
				10A623342A818CBA008D1D2F /* Products */,
				10751D562A82D857001DB36D /* Frameworks */,
			);
			sourceTree = "<group>";
		};
		10A623342A818CBA008D1D2F /* Products */ = {
			isa = PBXGroup;
			children = (
				10A623332A818CBA008D1D2F /* Museum.app */,
				10A623492A818CBC008D1D2F /* MuseumTests.xctest */,
			);
			name = Products;
			sourceTree = "<group>";
		};
		10A623352A818CBA008D1D2F /* Museum */ = {
			isa = PBXGroup;
			children = (
				10A623682A819218008D1D2F /* AppDelegate */,
				10751D622A8430F4001DB36D /* Extensions */,
				10751D772A843BE2001DB36D /* Network */,
				10A623672A819208008D1D2F /* Screens */,
				10A623662A81909D008D1D2F /* SupportingFiles */,
				10751D952A857240001DB36D /* Utilities */,
			);
			path = Museum;
			sourceTree = "<group>";
		};
		10A6234C2A818CBC008D1D2F /* MuseumTests */ = {
			isa = PBXGroup;
			children = (
				10A6234D2A818CBC008D1D2F /* MuseumTests.swift */,
			);
			path = MuseumTests;
			sourceTree = "<group>";
		};
		10A623662A81909D008D1D2F /* SupportingFiles */ = {
			isa = PBXGroup;
			children = (
				10A6233F2A818CBB008D1D2F /* Assets.xcassets */,
				10A623412A818CBB008D1D2F /* LaunchScreen.storyboard */,
				10A623442A818CBB008D1D2F /* Info.plist */,
			);
			path = SupportingFiles;
			sourceTree = "<group>";
		};
		10A623672A819208008D1D2F /* Screens */ = {
			isa = PBXGroup;
			children = (
				10751D592A842D96001DB36D /* MuseumItemsList */,
			);
			path = Screens;
			sourceTree = "<group>";
		};
		10A623682A819218008D1D2F /* AppDelegate */ = {
			isa = PBXGroup;
			children = (
				10A623362A818CBA008D1D2F /* AppDelegate.swift */,
			);
			path = AppDelegate;
			sourceTree = "<group>";
		};
/* End PBXGroup section */

/* Begin PBXNativeTarget section */
		10A623322A818CBA008D1D2F /* Museum */ = {
			isa = PBXNativeTarget;
			buildConfigurationList = 10A6235D2A818CBC008D1D2F /* Build configuration list for PBXNativeTarget "Museum" */;
			buildPhases = (
				10A6232F2A818CBA008D1D2F /* Sources */,
				10A623302A818CBA008D1D2F /* Frameworks */,
				10A623312A818CBA008D1D2F /* Resources */,
			);
			buildRules = (
			);
			dependencies = (
			);
			name = Museum;
			packageProductDependencies = (
				10751D572A82D85D001DB36D /* Networking */,
				105032F52A859AD000276CF5 /* Kingfisher */,
			);
			productName = Museum;
			productReference = 10A623332A818CBA008D1D2F /* Museum.app */;
			productType = "com.apple.product-type.application";
		};
		10A623482A818CBC008D1D2F /* MuseumTests */ = {
			isa = PBXNativeTarget;
			buildConfigurationList = 10A623602A818CBC008D1D2F /* Build configuration list for PBXNativeTarget "MuseumTests" */;
			buildPhases = (
				10A623452A818CBC008D1D2F /* Sources */,
				10A623462A818CBC008D1D2F /* Frameworks */,
				10A623472A818CBC008D1D2F /* Resources */,
			);
			buildRules = (
			);
			dependencies = (
				10A6234B2A818CBC008D1D2F /* PBXTargetDependency */,
			);
			name = MuseumTests;
			productName = MuseumTests;
			productReference = 10A623492A818CBC008D1D2F /* MuseumTests.xctest */;
			productType = "com.apple.product-type.bundle.unit-test";
		};
/* End PBXNativeTarget section */

/* Begin PBXProject section */
		10A6232B2A818CB9008D1D2F /* Project object */ = {
			isa = PBXProject;
			attributes = {
				BuildIndependentTargetsInParallel = 1;
				LastSwiftUpdateCheck = 1310;
				LastUpgradeCheck = 1310;
				TargetAttributes = {
					10A623322A818CBA008D1D2F = {
						CreatedOnToolsVersion = 13.1;
					};
					10A623482A818CBC008D1D2F = {
						CreatedOnToolsVersion = 13.1;
						TestTargetID = 10A623322A818CBA008D1D2F;
					};
				};
			};
			buildConfigurationList = 10A6232E2A818CB9008D1D2F /* Build configuration list for PBXProject "Museum" */;
			compatibilityVersion = "Xcode 13.0";
			developmentRegion = en;
			hasScannedForEncodings = 0;
			knownRegions = (
				en,
				Base,
			);
			mainGroup = 10A6232A2A818CB9008D1D2F;
			packageReferences = (
				105032F42A859AD000276CF5 /* XCRemoteSwiftPackageReference "Kingfisher" */,
			);
			productRefGroup = 10A623342A818CBA008D1D2F /* Products */;
			projectDirPath = "";
			projectRoot = "";
			targets = (
				10A623322A818CBA008D1D2F /* Museum */,
				10A623482A818CBC008D1D2F /* MuseumTests */,
			);
		};
/* End PBXProject section */

/* Begin PBXResourcesBuildPhase section */
		10A623312A818CBA008D1D2F /* Resources */ = {
			isa = PBXResourcesBuildPhase;
			buildActionMask = 2147483647;
			files = (
				10A623432A818CBB008D1D2F /* LaunchScreen.storyboard in Resources */,
				10A623402A818CBB008D1D2F /* Assets.xcassets in Resources */,
			);
			runOnlyForDeploymentPostprocessing = 0;
		};
		10A623472A818CBC008D1D2F /* Resources */ = {
			isa = PBXResourcesBuildPhase;
			buildActionMask = 2147483647;
			files = (
			);
			runOnlyForDeploymentPostprocessing = 0;
		};
/* End PBXResourcesBuildPhase section */

/* Begin PBXSourcesBuildPhase section */
		10A6232F2A818CBA008D1D2F /* Sources */ = {
			isa = PBXSourcesBuildPhase;
			buildActionMask = 2147483647;
			files = (
				10751D642A843100001DB36D /* UIView+LayoutConstraints.swift in Sources */,
				10751D852A843F03001DB36D /* MuseumItemsListServing.swift in Sources */,
				10751D722A843767001DB36D /* MuseumItemsListPresentation.swift in Sources */,
				10751D942A856F86001DB36D /* MuseumItemCollectionViewCell.swift in Sources */,
				10751D8C2A843FE3001DB36D /* GetMuseumItemsResponse.swift in Sources */,
				10751D742A84377F001DB36D /* MuseumItemsListInteractorInputProtocol.swift in Sources */,
				10751D802A843E60001DB36D /* MuseumRequest.swift in Sources */,
				10751D912A856E30001DB36D /* MuseumItemsListCollectionViewDataSource.swift in Sources */,
				10751D762A8437ED001DB36D /* MuseumItemsListBuilder.swift in Sources */,
				105033042A86C52800276CF5 /* MuseumItemCollectionViewCellInteractorOutputProtocol.swift in Sources */,
				105033012A86C47200276CF5 /* Image.swift in Sources */,
				105032F02A8596CB00276CF5 /* MuseumItemCollectionViewCellConfiguration.swift in Sources */,
				105032EE2A85936400276CF5 /* MuseumItemsListSectionHeaderView.swift in Sources */,
				10751D7E2A843DDD001DB36D /* MuseumBaseURLHaving.swift in Sources */,
				10751D8A2A843FB6001DB36D /* GetMuseumItemsRequestParameters.swift in Sources */,
				10751D5C2A842DC7001DB36D /* MuseumItemsListViewController.swift in Sources */,
				10751D9C2A85782B001DB36D /* ArtObject+MuseumItemCollectionViewCellConfiguration.swift in Sources */,
				105033062A86C55900276CF5 /* MuseumItemCollectionViewCellInteractorInputProtocol.swift in Sources */,
				10751D5F2A842F0E001DB36D /* MuseumItemsListCompositionalLayoutMaker.swift in Sources */,
				10751D7C2A843D05001DB36D /* ImageEntity.swift in Sources */,
				10751D612A842F7D001DB36D /* MuseumItemsListSection.swift in Sources */,
				105032F92A85A81600276CF5 /* MuseumItemCollectionViewCellInteractor.swift in Sources */,
				10751D832A843EF1001DB36D /* MuseumItemsListService.swift in Sources */,
				10A623372A818CBA008D1D2F /* AppDelegate.swift in Sources */,
				10751D8E2A8443F1001DB36D /* Secret.swift in Sources */,
				10751D6E2A8436B9001DB36D /* MuseumItemsListInteractorOutputProtocol.swift in Sources */,
				10751D7A2A843CC0001DB36D /* ArtObject.swift in Sources */,
				10751D9A2A857287001DB36D /* Font.swift in Sources */,
				10751D882A843F8A001DB36D /* GetMuseumItemsRequest.swift in Sources */,
				105032F32A85974A00276CF5 /* MuseumItemsListCollectionViewDataSourcing.swift in Sources */,
				10751D702A8436FC001DB36D /* MuseumItemsListViewable.swift in Sources */,
				10751D982A85725F001DB36D /* Spacing.swift in Sources */,
				10751D6A2A84351B001DB36D /* MuseumItemsListPresenter.swift in Sources */,
				10751D6C2A843573001DB36D /* MuseumItemsListInteractor.swift in Sources */,
			);
			runOnlyForDeploymentPostprocessing = 0;
		};
		10A623452A818CBC008D1D2F /* Sources */ = {
			isa = PBXSourcesBuildPhase;
			buildActionMask = 2147483647;
			files = (
				10A6234E2A818CBC008D1D2F /* MuseumTests.swift in Sources */,
			);
			runOnlyForDeploymentPostprocessing = 0;
		};
/* End PBXSourcesBuildPhase section */

/* Begin PBXTargetDependency section */
		10A6234B2A818CBC008D1D2F /* PBXTargetDependency */ = {
			isa = PBXTargetDependency;
			target = 10A623322A818CBA008D1D2F /* Museum */;
			targetProxy = 10A6234A2A818CBC008D1D2F /* PBXContainerItemProxy */;
		};
/* End PBXTargetDependency section */

/* Begin PBXVariantGroup section */
		10A623412A818CBB008D1D2F /* LaunchScreen.storyboard */ = {
			isa = PBXVariantGroup;
			children = (
				10A623422A818CBB008D1D2F /* Base */,
			);
			name = LaunchScreen.storyboard;
			sourceTree = "<group>";
		};
/* End PBXVariantGroup section */

/* Begin XCBuildConfiguration section */
		10A6235B2A818CBC008D1D2F /* Debug */ = {
			isa = XCBuildConfiguration;
			buildSettings = {
				ALWAYS_SEARCH_USER_PATHS = NO;
				CLANG_ANALYZER_NONNULL = YES;
				CLANG_ANALYZER_NUMBER_OBJECT_CONVERSION = YES_AGGRESSIVE;
				CLANG_CXX_LANGUAGE_STANDARD = "gnu++17";
				CLANG_CXX_LIBRARY = "libc++";
				CLANG_ENABLE_MODULES = YES;
				CLANG_ENABLE_OBJC_ARC = YES;
				CLANG_ENABLE_OBJC_WEAK = YES;
				CLANG_WARN_BLOCK_CAPTURE_AUTORELEASING = YES;
				CLANG_WARN_BOOL_CONVERSION = YES;
				CLANG_WARN_COMMA = YES;
				CLANG_WARN_CONSTANT_CONVERSION = YES;
				CLANG_WARN_DEPRECATED_OBJC_IMPLEMENTATIONS = YES;
				CLANG_WARN_DIRECT_OBJC_ISA_USAGE = YES_ERROR;
				CLANG_WARN_DOCUMENTATION_COMMENTS = YES;
				CLANG_WARN_EMPTY_BODY = YES;
				CLANG_WARN_ENUM_CONVERSION = YES;
				CLANG_WARN_INFINITE_RECURSION = YES;
				CLANG_WARN_INT_CONVERSION = YES;
				CLANG_WARN_NON_LITERAL_NULL_CONVERSION = YES;
				CLANG_WARN_OBJC_IMPLICIT_RETAIN_SELF = YES;
				CLANG_WARN_OBJC_LITERAL_CONVERSION = YES;
				CLANG_WARN_OBJC_ROOT_CLASS = YES_ERROR;
				CLANG_WARN_QUOTED_INCLUDE_IN_FRAMEWORK_HEADER = YES;
				CLANG_WARN_RANGE_LOOP_ANALYSIS = YES;
				CLANG_WARN_STRICT_PROTOTYPES = YES;
				CLANG_WARN_SUSPICIOUS_MOVE = YES;
				CLANG_WARN_UNGUARDED_AVAILABILITY = YES_AGGRESSIVE;
				CLANG_WARN_UNREACHABLE_CODE = YES;
				CLANG_WARN__DUPLICATE_METHOD_MATCH = YES;
				COPY_PHASE_STRIP = NO;
				DEBUG_INFORMATION_FORMAT = dwarf;
				ENABLE_STRICT_OBJC_MSGSEND = YES;
				ENABLE_TESTABILITY = YES;
				GCC_C_LANGUAGE_STANDARD = gnu11;
				GCC_DYNAMIC_NO_PIC = NO;
				GCC_NO_COMMON_BLOCKS = YES;
				GCC_OPTIMIZATION_LEVEL = 0;
				GCC_PREPROCESSOR_DEFINITIONS = (
					"DEBUG=1",
					"$(inherited)",
				);
				GCC_WARN_64_TO_32_BIT_CONVERSION = YES;
				GCC_WARN_ABOUT_RETURN_TYPE = YES_ERROR;
				GCC_WARN_UNDECLARED_SELECTOR = YES;
				GCC_WARN_UNINITIALIZED_AUTOS = YES_AGGRESSIVE;
				GCC_WARN_UNUSED_FUNCTION = YES;
				GCC_WARN_UNUSED_VARIABLE = YES;
				IPHONEOS_DEPLOYMENT_TARGET = 14.0;
				MTL_ENABLE_DEBUG_INFO = INCLUDE_SOURCE;
				MTL_FAST_MATH = YES;
				ONLY_ACTIVE_ARCH = YES;
				SDKROOT = iphoneos;
				SWIFT_ACTIVE_COMPILATION_CONDITIONS = DEBUG;
				SWIFT_OPTIMIZATION_LEVEL = "-Onone";
			};
			name = Debug;
		};
		10A6235C2A818CBC008D1D2F /* Release */ = {
			isa = XCBuildConfiguration;
			buildSettings = {
				ALWAYS_SEARCH_USER_PATHS = NO;
				CLANG_ANALYZER_NONNULL = YES;
				CLANG_ANALYZER_NUMBER_OBJECT_CONVERSION = YES_AGGRESSIVE;
				CLANG_CXX_LANGUAGE_STANDARD = "gnu++17";
				CLANG_CXX_LIBRARY = "libc++";
				CLANG_ENABLE_MODULES = YES;
				CLANG_ENABLE_OBJC_ARC = YES;
				CLANG_ENABLE_OBJC_WEAK = YES;
				CLANG_WARN_BLOCK_CAPTURE_AUTORELEASING = YES;
				CLANG_WARN_BOOL_CONVERSION = YES;
				CLANG_WARN_COMMA = YES;
				CLANG_WARN_CONSTANT_CONVERSION = YES;
				CLANG_WARN_DEPRECATED_OBJC_IMPLEMENTATIONS = YES;
				CLANG_WARN_DIRECT_OBJC_ISA_USAGE = YES_ERROR;
				CLANG_WARN_DOCUMENTATION_COMMENTS = YES;
				CLANG_WARN_EMPTY_BODY = YES;
				CLANG_WARN_ENUM_CONVERSION = YES;
				CLANG_WARN_INFINITE_RECURSION = YES;
				CLANG_WARN_INT_CONVERSION = YES;
				CLANG_WARN_NON_LITERAL_NULL_CONVERSION = YES;
				CLANG_WARN_OBJC_IMPLICIT_RETAIN_SELF = YES;
				CLANG_WARN_OBJC_LITERAL_CONVERSION = YES;
				CLANG_WARN_OBJC_ROOT_CLASS = YES_ERROR;
				CLANG_WARN_QUOTED_INCLUDE_IN_FRAMEWORK_HEADER = YES;
				CLANG_WARN_RANGE_LOOP_ANALYSIS = YES;
				CLANG_WARN_STRICT_PROTOTYPES = YES;
				CLANG_WARN_SUSPICIOUS_MOVE = YES;
				CLANG_WARN_UNGUARDED_AVAILABILITY = YES_AGGRESSIVE;
				CLANG_WARN_UNREACHABLE_CODE = YES;
				CLANG_WARN__DUPLICATE_METHOD_MATCH = YES;
				COPY_PHASE_STRIP = NO;
				DEBUG_INFORMATION_FORMAT = "dwarf-with-dsym";
				ENABLE_NS_ASSERTIONS = NO;
				ENABLE_STRICT_OBJC_MSGSEND = YES;
				GCC_C_LANGUAGE_STANDARD = gnu11;
				GCC_NO_COMMON_BLOCKS = YES;
				GCC_WARN_64_TO_32_BIT_CONVERSION = YES;
				GCC_WARN_ABOUT_RETURN_TYPE = YES_ERROR;
				GCC_WARN_UNDECLARED_SELECTOR = YES;
				GCC_WARN_UNINITIALIZED_AUTOS = YES_AGGRESSIVE;
				GCC_WARN_UNUSED_FUNCTION = YES;
				GCC_WARN_UNUSED_VARIABLE = YES;
				IPHONEOS_DEPLOYMENT_TARGET = 14.0;
				MTL_ENABLE_DEBUG_INFO = NO;
				MTL_FAST_MATH = YES;
				SDKROOT = iphoneos;
				SWIFT_COMPILATION_MODE = wholemodule;
				SWIFT_OPTIMIZATION_LEVEL = "-O";
				VALIDATE_PRODUCT = YES;
			};
			name = Release;
		};
		10A6235E2A818CBC008D1D2F /* Debug */ = {
			isa = XCBuildConfiguration;
			buildSettings = {
				ASSETCATALOG_COMPILER_APPICON_NAME = AppIcon;
				ASSETCATALOG_COMPILER_GLOBAL_ACCENT_COLOR_NAME = AccentColor;
				CODE_SIGN_STYLE = Automatic;
				CURRENT_PROJECT_VERSION = 1;
				GENERATE_INFOPLIST_FILE = YES;
				INFOPLIST_FILE = Museum/SupportingFiles/Info.plist;
				INFOPLIST_KEY_UIApplicationSupportsIndirectInputEvents = YES;
				INFOPLIST_KEY_UILaunchStoryboardName = LaunchScreen;
				INFOPLIST_KEY_UIRequiresFullScreen = NO;
				INFOPLIST_KEY_UISupportedInterfaceOrientations = "";
				INFOPLIST_KEY_UISupportedInterfaceOrientations_iPad = "";
				INFOPLIST_KEY_UISupportedInterfaceOrientations_iPhone = "";
				LD_RUNPATH_SEARCH_PATHS = (
					"$(inherited)",
					"@executable_path/Frameworks",
				);
				MARKETING_VERSION = 1.0.0;
				PRODUCT_BUNDLE_IDENTIFIER = com.torna.museum;
				PRODUCT_NAME = "$(TARGET_NAME)";
				SWIFT_EMIT_LOC_STRINGS = YES;
				SWIFT_VERSION = 5.0;
				TARGETED_DEVICE_FAMILY = "1,2";
			};
			name = Debug;
		};
		10A6235F2A818CBC008D1D2F /* Release */ = {
			isa = XCBuildConfiguration;
			buildSettings = {
				ASSETCATALOG_COMPILER_APPICON_NAME = AppIcon;
				ASSETCATALOG_COMPILER_GLOBAL_ACCENT_COLOR_NAME = AccentColor;
				CODE_SIGN_STYLE = Automatic;
				CURRENT_PROJECT_VERSION = 1;
				GENERATE_INFOPLIST_FILE = YES;
				INFOPLIST_FILE = Museum/SupportingFiles/Info.plist;
				INFOPLIST_KEY_UIApplicationSupportsIndirectInputEvents = YES;
				INFOPLIST_KEY_UILaunchStoryboardName = LaunchScreen;
				INFOPLIST_KEY_UIRequiresFullScreen = NO;
				INFOPLIST_KEY_UISupportedInterfaceOrientations = "";
				INFOPLIST_KEY_UISupportedInterfaceOrientations_iPad = "";
				INFOPLIST_KEY_UISupportedInterfaceOrientations_iPhone = "";
				LD_RUNPATH_SEARCH_PATHS = (
					"$(inherited)",
					"@executable_path/Frameworks",
				);
				MARKETING_VERSION = 1.0.0;
				PRODUCT_BUNDLE_IDENTIFIER = com.torna.museum;
				PRODUCT_NAME = "$(TARGET_NAME)";
				SWIFT_EMIT_LOC_STRINGS = YES;
				SWIFT_VERSION = 5.0;
				TARGETED_DEVICE_FAMILY = "1,2";
			};
			name = Release;
		};
		10A623612A818CBC008D1D2F /* Debug */ = {
			isa = XCBuildConfiguration;
			buildSettings = {
				ALWAYS_EMBED_SWIFT_STANDARD_LIBRARIES = YES;
				BUNDLE_LOADER = "$(TEST_HOST)";
				CODE_SIGN_STYLE = Automatic;
				CURRENT_PROJECT_VERSION = 1;
				GENERATE_INFOPLIST_FILE = YES;
				IPHONEOS_DEPLOYMENT_TARGET = 15.0;
				LD_RUNPATH_SEARCH_PATHS = (
					"$(inherited)",
					"@executable_path/Frameworks",
					"@loader_path/Frameworks",
				);
				MARKETING_VERSION = 1.0;
				PRODUCT_BUNDLE_IDENTIFIER = com.torna.museum.MuseumTests;
				PRODUCT_NAME = "$(TARGET_NAME)";
				SWIFT_EMIT_LOC_STRINGS = NO;
				SWIFT_VERSION = 5.0;
				TARGETED_DEVICE_FAMILY = "1,2";
				TEST_HOST = "$(BUILT_PRODUCTS_DIR)/Museum.app/Museum";
			};
			name = Debug;
		};
		10A623622A818CBC008D1D2F /* Release */ = {
			isa = XCBuildConfiguration;
			buildSettings = {
				ALWAYS_EMBED_SWIFT_STANDARD_LIBRARIES = YES;
				BUNDLE_LOADER = "$(TEST_HOST)";
				CODE_SIGN_STYLE = Automatic;
				CURRENT_PROJECT_VERSION = 1;
				GENERATE_INFOPLIST_FILE = YES;
				IPHONEOS_DEPLOYMENT_TARGET = 15.0;
				LD_RUNPATH_SEARCH_PATHS = (
					"$(inherited)",
					"@executable_path/Frameworks",
					"@loader_path/Frameworks",
				);
				MARKETING_VERSION = 1.0;
				PRODUCT_BUNDLE_IDENTIFIER = com.torna.museum.MuseumTests;
				PRODUCT_NAME = "$(TARGET_NAME)";
				SWIFT_EMIT_LOC_STRINGS = NO;
				SWIFT_VERSION = 5.0;
				TARGETED_DEVICE_FAMILY = "1,2";
				TEST_HOST = "$(BUILT_PRODUCTS_DIR)/Museum.app/Museum";
			};
			name = Release;
		};
/* End XCBuildConfiguration section */

/* Begin XCConfigurationList section */
		10A6232E2A818CB9008D1D2F /* Build configuration list for PBXProject "Museum" */ = {
			isa = XCConfigurationList;
			buildConfigurations = (
				10A6235B2A818CBC008D1D2F /* Debug */,
				10A6235C2A818CBC008D1D2F /* Release */,
			);
			defaultConfigurationIsVisible = 0;
			defaultConfigurationName = Release;
		};
		10A6235D2A818CBC008D1D2F /* Build configuration list for PBXNativeTarget "Museum" */ = {
			isa = XCConfigurationList;
			buildConfigurations = (
				10A6235E2A818CBC008D1D2F /* Debug */,
				10A6235F2A818CBC008D1D2F /* Release */,
			);
			defaultConfigurationIsVisible = 0;
			defaultConfigurationName = Release;
		};
		10A623602A818CBC008D1D2F /* Build configuration list for PBXNativeTarget "MuseumTests" */ = {
			isa = XCConfigurationList;
			buildConfigurations = (
				10A623612A818CBC008D1D2F /* Debug */,
				10A623622A818CBC008D1D2F /* Release */,
			);
			defaultConfigurationIsVisible = 0;
			defaultConfigurationName = Release;
		};
/* End XCConfigurationList section */

/* Begin XCRemoteSwiftPackageReference section */
		105032F42A859AD000276CF5 /* XCRemoteSwiftPackageReference "Kingfisher" */ = {
			isa = XCRemoteSwiftPackageReference;
			repositoryURL = "https://github.com/onevcat/Kingfisher.git";
			requirement = {
				kind = upToNextMajorVersion;
				minimumVersion = 7.0.0;
			};
		};
/* End XCRemoteSwiftPackageReference section */

/* Begin XCSwiftPackageProductDependency section */
		105032F52A859AD000276CF5 /* Kingfisher */ = {
			isa = XCSwiftPackageProductDependency;
			package = 105032F42A859AD000276CF5 /* XCRemoteSwiftPackageReference "Kingfisher" */;
			productName = Kingfisher;
		};
		10751D572A82D85D001DB36D /* Networking */ = {
			isa = XCSwiftPackageProductDependency;
			productName = Networking;
		};
/* End XCSwiftPackageProductDependency section */
	};
	rootObject = 10A6232B2A818CB9008D1D2F /* Project object */;
}
