// !$*UTF8*$!
{
	archiveVersion = 1;
	classes = {
	};
	objectVersion = 55;
	objects = {

/* Begin PBXBuildFile section */
		10751D582A82D85D001DB36D /* Networking in Frameworks */ = {isa = PBXBuildFile; productRef = 10751D572A82D85D001DB36D /* Networking */; };
		10751D5C2A842DC7001DB36D /* MuseumItemsListViewController.swift in Sources */ = {isa = PBXBuildFile; fileRef = 10751D5B2A842DC7001DB36D /* MuseumItemsListViewController.swift */; };
		10751D5F2A842F0E001DB36D /* MuseumItemsListCompositionalLayoutMaker.swift in Sources */ = {isa = PBXBuildFile; fileRef = 10751D5E2A842F0E001DB36D /* MuseumItemsListCompositionalLayoutMaker.swift */; };
		10751D612A842F7D001DB36D /* MuseumItemsListSection.swift in Sources */ = {isa = PBXBuildFile; fileRef = 10751D602A842F7D001DB36D /* MuseumItemsListSection.swift */; };
		10751D642A843100001DB36D /* UIView+LayoutConstraints.swift in Sources */ = {isa = PBXBuildFile; fileRef = 10751D632A843100001DB36D /* UIView+LayoutConstraints.swift */; };
		10751D6A2A84351B001DB36D /* MuseumItemsListPresenter.swift in Sources */ = {isa = PBXBuildFile; fileRef = 10751D692A84351B001DB36D /* MuseumItemsListPresenter.swift */; };
		10751D6C2A843573001DB36D /* MuseumItemsListInteractor.swift in Sources */ = {isa = PBXBuildFile; fileRef = 10751D6B2A843573001DB36D /* MuseumItemsListInteractor.swift */; };
		10751D6E2A8436B9001DB36D /* MuseumItemsListInteractorOutputProtocol.swift in Sources */ = {isa = PBXBuildFile; fileRef = 10751D6D2A8436B9001DB36D /* MuseumItemsListInteractorOutputProtocol.swift */; };
		10751D702A8436FC001DB36D /* MuseumItemsListViewable.swift in Sources */ = {isa = PBXBuildFile; fileRef = 10751D6F2A8436FC001DB36D /* MuseumItemsListViewable.swift */; };
		10751D722A843767001DB36D /* MuseumItemsListPresentation.swift in Sources */ = {isa = PBXBuildFile; fileRef = 10751D712A843767001DB36D /* MuseumItemsListPresentation.swift */; };
		10751D742A84377F001DB36D /* MuseumItemsListInteractorInputProtocol.swift in Sources */ = {isa = PBXBuildFile; fileRef = 10751D732A84377F001DB36D /* MuseumItemsListInteractorInputProtocol.swift */; };
		10751D762A8437ED001DB36D /* MuseumItemsListBuilder.swift in Sources */ = {isa = PBXBuildFile; fileRef = 10751D752A8437ED001DB36D /* MuseumItemsListBuilder.swift */; };
		10A623372A818CBA008D1D2F /* AppDelegate.swift in Sources */ = {isa = PBXBuildFile; fileRef = 10A623362A818CBA008D1D2F /* AppDelegate.swift */; };
		10A623402A818CBB008D1D2F /* Assets.xcassets in Resources */ = {isa = PBXBuildFile; fileRef = 10A6233F2A818CBB008D1D2F /* Assets.xcassets */; };
		10A623432A818CBB008D1D2F /* LaunchScreen.storyboard in Resources */ = {isa = PBXBuildFile; fileRef = 10A623412A818CBB008D1D2F /* LaunchScreen.storyboard */; };
		10A6234E2A818CBC008D1D2F /* MuseumTests.swift in Sources */ = {isa = PBXBuildFile; fileRef = 10A6234D2A818CBC008D1D2F /* MuseumTests.swift */; };
/* End PBXBuildFile section */

/* Begin PBXContainerItemProxy section */
		10A6234A2A818CBC008D1D2F /* PBXContainerItemProxy */ = {
			isa = PBXContainerItemProxy;
			containerPortal = 10A6232B2A818CB9008D1D2F /* Project object */;
			proxyType = 1;
			remoteGlobalIDString = 10A623322A818CBA008D1D2F;
			remoteInfo = Museum;
		};
/* End PBXContainerItemProxy section */

/* Begin PBXFileReference section */
		10751D552A82D678001DB36D /* Networking */ = {isa = PBXFileReference; lastKnownFileType = wrapper; path = Networking; sourceTree = "<group>"; };
		10751D5B2A842DC7001DB36D /* MuseumItemsListViewController.swift */ = {isa = PBXFileReference; lastKnownFileType = sourcecode.swift; path = MuseumItemsListViewController.swift; sourceTree = "<group>"; };
		10751D5E2A842F0E001DB36D /* MuseumItemsListCompositionalLayoutMaker.swift */ = {isa = PBXFileReference; lastKnownFileType = sourcecode.swift; path = MuseumItemsListCompositionalLayoutMaker.swift; sourceTree = "<group>"; };
		10751D602A842F7D001DB36D /* MuseumItemsListSection.swift */ = {isa = PBXFileReference; lastKnownFileType = sourcecode.swift; path = MuseumItemsListSection.swift; sourceTree = "<group>"; };
		10751D632A843100001DB36D /* UIView+LayoutConstraints.swift */ = {isa = PBXFileReference; lastKnownFileType = sourcecode.swift; path = "UIView+LayoutConstraints.swift"; sourceTree = "<group>"; };
		10751D692A84351B001DB36D /* MuseumItemsListPresenter.swift */ = {isa = PBXFileReference; lastKnownFileType = sourcecode.swift; path = MuseumItemsListPresenter.swift; sourceTree = "<group>"; };
		10751D6B2A843573001DB36D /* MuseumItemsListInteractor.swift */ = {isa = PBXFileReference; lastKnownFileType = sourcecode.swift; path = MuseumItemsListInteractor.swift; sourceTree = "<group>"; };
		10751D6D2A8436B9001DB36D /* MuseumItemsListInteractorOutputProtocol.swift */ = {isa = PBXFileReference; lastKnownFileType = sourcecode.swift; path = MuseumItemsListInteractorOutputProtocol.swift; sourceTree = "<group>"; };
		10751D6F2A8436FC001DB36D /* MuseumItemsListViewable.swift */ = {isa = PBXFileReference; lastKnownFileType = sourcecode.swift; path = MuseumItemsListViewable.swift; sourceTree = "<group>"; };
		10751D712A843767001DB36D /* MuseumItemsListPresentation.swift */ = {isa = PBXFileReference; lastKnownFileType = sourcecode.swift; path = MuseumItemsListPresentation.swift; sourceTree = "<group>"; };
		10751D732A84377F001DB36D /* MuseumItemsListInteractorInputProtocol.swift */ = {isa = PBXFileReference; lastKnownFileType = sourcecode.swift; path = MuseumItemsListInteractorInputProtocol.swift; sourceTree = "<group>"; };
		10751D752A8437ED001DB36D /* MuseumItemsListBuilder.swift */ = {isa = PBXFileReference; lastKnownFileType = sourcecode.swift; path = MuseumItemsListBuilder.swift; sourceTree = "<group>"; };
		10A623332A818CBA008D1D2F /* Museum.app */ = {isa = PBXFileReference; explicitFileType = wrapper.application; includeInIndex = 0; path = Museum.app; sourceTree = BUILT_PRODUCTS_DIR; };
		10A623362A818CBA008D1D2F /* AppDelegate.swift */ = {isa = PBXFileReference; lastKnownFileType = sourcecode.swift; path = AppDelegate.swift; sourceTree = "<group>"; };
		10A6233F2A818CBB008D1D2F /* Assets.xcassets */ = {isa = PBXFileReference; lastKnownFileType = folder.assetcatalog; path = Assets.xcassets; sourceTree = "<group>"; };
		10A623422A818CBB008D1D2F /* Base */ = {isa = PBXFileReference; lastKnownFileType = file.storyboard; name = Base; path = Base.lproj/LaunchScreen.storyboard; sourceTree = "<group>"; };
		10A623442A818CBB008D1D2F /* Info.plist */ = {isa = PBXFileReference; lastKnownFileType = text.plist.xml; path = Info.plist; sourceTree = "<group>"; };
		10A623492A818CBC008D1D2F /* MuseumTests.xctest */ = {isa = PBXFileReference; explicitFileType = wrapper.cfbundle; includeInIndex = 0; path = MuseumTests.xctest; sourceTree = BUILT_PRODUCTS_DIR; };
		10A6234D2A818CBC008D1D2F /* MuseumTests.swift */ = {isa = PBXFileReference; lastKnownFileType = sourcecode.swift; path = MuseumTests.swift; sourceTree = "<group>"; };
/* End PBXFileReference section */

/* Begin PBXFrameworksBuildPhase section */
		10A623302A818CBA008D1D2F /* Frameworks */ = {
			isa = PBXFrameworksBuildPhase;
			buildActionMask = 2147483647;
			files = (
				10751D582A82D85D001DB36D /* Networking in Frameworks */,
			);
			runOnlyForDeploymentPostprocessing = 0;
		};
		10A623462A818CBC008D1D2F /* Frameworks */ = {
			isa = PBXFrameworksBuildPhase;
			buildActionMask = 2147483647;
			files = (
			);
			runOnlyForDeploymentPostprocessing = 0;
		};
/* End PBXFrameworksBuildPhase section */

/* Begin PBXGroup section */
		10751D542A82D5DA001DB36D /* Networking */ = {
			isa = PBXGroup;
			children = (
				10751D552A82D678001DB36D /* Networking */,
			);
			path = Networking;
			sourceTree = "<group>";
		};
		10751D562A82D857001DB36D /* Frameworks */ = {
			isa = PBXGroup;
			children = (
			);
			name = Frameworks;
			sourceTree = "<group>";
		};
		10751D592A842D96001DB36D /* MuseumItemsList */ = {
			isa = PBXGroup;
			children = (
				10751D682A843506001DB36D /* Builder */,
				10751D662A8434CD001DB36D /* Interactor */,
				10751D652A8434C3001DB36D /* Presenter */,
				10751D5A2A842DA8001DB36D /* View */,
			);
			path = MuseumItemsList;
			sourceTree = "<group>";
		};
		10751D5A2A842DA8001DB36D /* View */ = {
			isa = PBXGroup;
			children = (
				10751D5D2A842EE6001DB36D /* CollectionView */,
				10751D5B2A842DC7001DB36D /* MuseumItemsListViewController.swift */,
				10751D6F2A8436FC001DB36D /* MuseumItemsListViewable.swift */,
			);
			path = View;
			sourceTree = "<group>";
		};
		10751D5D2A842EE6001DB36D /* CollectionView */ = {
			isa = PBXGroup;
			children = (
				10751D5E2A842F0E001DB36D /* MuseumItemsListCompositionalLayoutMaker.swift */,
				10751D602A842F7D001DB36D /* MuseumItemsListSection.swift */,
			);
			path = CollectionView;
			sourceTree = "<group>";
		};
		10751D622A8430F4001DB36D /* Extensions */ = {
			isa = PBXGroup;
			children = (
				10751D632A843100001DB36D /* UIView+LayoutConstraints.swift */,
			);
			path = Extensions;
			sourceTree = "<group>";
		};
		10751D652A8434C3001DB36D /* Presenter */ = {
			isa = PBXGroup;
			children = (
				10751D692A84351B001DB36D /* MuseumItemsListPresenter.swift */,
				10751D6D2A8436B9001DB36D /* MuseumItemsListInteractorOutputProtocol.swift */,
				10751D712A843767001DB36D /* MuseumItemsListPresentation.swift */,
			);
			path = Presenter;
			sourceTree = "<group>";
		};
		10751D662A8434CD001DB36D /* Interactor */ = {
			isa = PBXGroup;
			children = (
				10751D6B2A843573001DB36D /* MuseumItemsListInteractor.swift */,
				10751D732A84377F001DB36D /* MuseumItemsListInteractorInputProtocol.swift */,
			);
			path = Interactor;
			sourceTree = "<group>";
		};
		10751D682A843506001DB36D /* Builder */ = {
			isa = PBXGroup;
			children = (
				10751D752A8437ED001DB36D /* MuseumItemsListBuilder.swift */,
			);
			path = Builder;
			sourceTree = "<group>";
		};
		10A6232A2A818CB9008D1D2F = {
			isa = PBXGroup;
			children = (
				10751D542A82D5DA001DB36D /* Networking */,
				10A623352A818CBA008D1D2F /* Museum */,
				10A6234C2A818CBC008D1D2F /* MuseumTests */,
				10A623342A818CBA008D1D2F /* Products */,
				10751D562A82D857001DB36D /* Frameworks */,
			);
			sourceTree = "<group>";
		};
		10A623342A818CBA008D1D2F /* Products */ = {
			isa = PBXGroup;
			children = (
				10A623332A818CBA008D1D2F /* Museum.app */,
				10A623492A818CBC008D1D2F /* MuseumTests.xctest */,
			);
			name = Products;
			sourceTree = "<group>";
		};
		10A623352A818CBA008D1D2F /* Museum */ = {
			isa = PBXGroup;
			children = (
				10751D622A8430F4001DB36D /* Extensions */,
				10A623682A819218008D1D2F /* AppDelegate */,
				10A623672A819208008D1D2F /* Screens */,
				10A623662A81909D008D1D2F /* SupportingFiles */,
			);
			path = Museum;
			sourceTree = "<group>";
		};
		10A6234C2A818CBC008D1D2F /* MuseumTests */ = {
			isa = PBXGroup;
			children = (
				10A6234D2A818CBC008D1D2F /* MuseumTests.swift */,
			);
			path = MuseumTests;
			sourceTree = "<group>";
		};
		10A623662A81909D008D1D2F /* SupportingFiles */ = {
			isa = PBXGroup;
			children = (
				10A6233F2A818CBB008D1D2F /* Assets.xcassets */,
				10A623412A818CBB008D1D2F /* LaunchScreen.storyboard */,
				10A623442A818CBB008D1D2F /* Info.plist */,
			);
			path = SupportingFiles;
			sourceTree = "<group>";
		};
		10A623672A819208008D1D2F /* Screens */ = {
			isa = PBXGroup;
			children = (
				10751D592A842D96001DB36D /* MuseumItemsList */,
			);
			path = Screens;
			sourceTree = "<group>";
		};
		10A623682A819218008D1D2F /* AppDelegate */ = {
			isa = PBXGroup;
			children = (
				10A623362A818CBA008D1D2F /* AppDelegate.swift */,
			);
			path = AppDelegate;
			sourceTree = "<group>";
		};
/* End PBXGroup section */

/* Begin PBXNativeTarget section */
		10A623322A818CBA008D1D2F /* Museum */ = {
			isa = PBXNativeTarget;
			buildConfigurationList = 10A6235D2A818CBC008D1D2F /* Build configuration list for PBXNativeTarget "Museum" */;
			buildPhases = (
				10A6232F2A818CBA008D1D2F /* Sources */,
				10A623302A818CBA008D1D2F /* Frameworks */,
				10A623312A818CBA008D1D2F /* Resources */,
			);
			buildRules = (
			);
			dependencies = (
			);
			name = Museum;
			packageProductDependencies = (
				10751D572A82D85D001DB36D /* Networking */,
			);
			productName = Museum;
			productReference = 10A623332A818CBA008D1D2F /* Museum.app */;
			productType = "com.apple.product-type.application";
		};
		10A623482A818CBC008D1D2F /* MuseumTests */ = {
			isa = PBXNativeTarget;
			buildConfigurationList = 10A623602A818CBC008D1D2F /* Build configuration list for PBXNativeTarget "MuseumTests" */;
			buildPhases = (
				10A623452A818CBC008D1D2F /* Sources */,
				10A623462A818CBC008D1D2F /* Frameworks */,
				10A623472A818CBC008D1D2F /* Resources */,
			);
			buildRules = (
			);
			dependencies = (
				10A6234B2A818CBC008D1D2F /* PBXTargetDependency */,
			);
			name = MuseumTests;
			productName = MuseumTests;
			productReference = 10A623492A818CBC008D1D2F /* MuseumTests.xctest */;
			productType = "com.apple.product-type.bundle.unit-test";
		};
/* End PBXNativeTarget section */

/* Begin PBXProject section */
		10A6232B2A818CB9008D1D2F /* Project object */ = {
			isa = PBXProject;
			attributes = {
				BuildIndependentTargetsInParallel = 1;
				LastSwiftUpdateCheck = 1310;
				LastUpgradeCheck = 1310;
				TargetAttributes = {
					10A623322A818CBA008D1D2F = {
						CreatedOnToolsVersion = 13.1;
					};
					10A623482A818CBC008D1D2F = {
						CreatedOnToolsVersion = 13.1;
						TestTargetID = 10A623322A818CBA008D1D2F;
					};
				};
			};
			buildConfigurationList = 10A6232E2A818CB9008D1D2F /* Build configuration list for PBXProject "Museum" */;
			compatibilityVersion = "Xcode 13.0";
			developmentRegion = en;
			hasScannedForEncodings = 0;
			knownRegions = (
				en,
				Base,
			);
			mainGroup = 10A6232A2A818CB9008D1D2F;
			productRefGroup = 10A623342A818CBA008D1D2F /* Products */;
			projectDirPath = "";
			projectRoot = "";
			targets = (
				10A623322A818CBA008D1D2F /* Museum */,
				10A623482A818CBC008D1D2F /* MuseumTests */,
			);
		};
/* End PBXProject section */

/* Begin PBXResourcesBuildPhase section */
		10A623312A818CBA008D1D2F /* Resources */ = {
			isa = PBXResourcesBuildPhase;
			buildActionMask = 2147483647;
			files = (
				10A623432A818CBB008D1D2F /* LaunchScreen.storyboard in Resources */,
				10A623402A818CBB008D1D2F /* Assets.xcassets in Resources */,
			);
			runOnlyForDeploymentPostprocessing = 0;
		};
		10A623472A818CBC008D1D2F /* Resources */ = {
			isa = PBXResourcesBuildPhase;
			buildActionMask = 2147483647;
			files = (
			);
			runOnlyForDeploymentPostprocessing = 0;
		};
/* End PBXResourcesBuildPhase section */

/* Begin PBXSourcesBuildPhase section */
		10A6232F2A818CBA008D1D2F /* Sources */ = {
			isa = PBXSourcesBuildPhase;
			buildActionMask = 2147483647;
			files = (
				10751D642A843100001DB36D /* UIView+LayoutConstraints.swift in Sources */,
				10751D722A843767001DB36D /* MuseumItemsListPresentation.swift in Sources */,
				10751D742A84377F001DB36D /* MuseumItemsListInteractorInputProtocol.swift in Sources */,
				10751D762A8437ED001DB36D /* MuseumItemsListBuilder.swift in Sources */,
				10751D5C2A842DC7001DB36D /* MuseumItemsListViewController.swift in Sources */,
				10751D5F2A842F0E001DB36D /* MuseumItemsListCompositionalLayoutMaker.swift in Sources */,
				10751D612A842F7D001DB36D /* MuseumItemsListSection.swift in Sources */,
				10A623372A818CBA008D1D2F /* AppDelegate.swift in Sources */,
				10751D6E2A8436B9001DB36D /* MuseumItemsListInteractorOutputProtocol.swift in Sources */,
				10751D702A8436FC001DB36D /* MuseumItemsListViewable.swift in Sources */,
				10751D6A2A84351B001DB36D /* MuseumItemsListPresenter.swift in Sources */,
				10751D6C2A843573001DB36D /* MuseumItemsListInteractor.swift in Sources */,
			);
			runOnlyForDeploymentPostprocessing = 0;
		};
		10A623452A818CBC008D1D2F /* Sources */ = {
			isa = PBXSourcesBuildPhase;
			buildActionMask = 2147483647;
			files = (
				10A6234E2A818CBC008D1D2F /* MuseumTests.swift in Sources */,
			);
			runOnlyForDeploymentPostprocessing = 0;
		};
/* End PBXSourcesBuildPhase section */

/* Begin PBXTargetDependency section */
		10A6234B2A818CBC008D1D2F /* PBXTargetDependency */ = {
			isa = PBXTargetDependency;
			target = 10A623322A818CBA008D1D2F /* Museum */;
			targetProxy = 10A6234A2A818CBC008D1D2F /* PBXContainerItemProxy */;
		};
/* End PBXTargetDependency section */

/* Begin PBXVariantGroup section */
		10A623412A818CBB008D1D2F /* LaunchScreen.storyboard */ = {
			isa = PBXVariantGroup;
			children = (
				10A623422A818CBB008D1D2F /* Base */,
			);
			name = LaunchScreen.storyboard;
			sourceTree = "<group>";
		};
/* End PBXVariantGroup section */

/* Begin XCBuildConfiguration section */
		10A6235B2A818CBC008D1D2F /* Debug */ = {
			isa = XCBuildConfiguration;
			buildSettings = {
				ALWAYS_SEARCH_USER_PATHS = NO;
				CLANG_ANALYZER_NONNULL = YES;
				CLANG_ANALYZER_NUMBER_OBJECT_CONVERSION = YES_AGGRESSIVE;
				CLANG_CXX_LANGUAGE_STANDARD = "gnu++17";
				CLANG_CXX_LIBRARY = "libc++";
				CLANG_ENABLE_MODULES = YES;
				CLANG_ENABLE_OBJC_ARC = YES;
				CLANG_ENABLE_OBJC_WEAK = YES;
				CLANG_WARN_BLOCK_CAPTURE_AUTORELEASING = YES;
				CLANG_WARN_BOOL_CONVERSION = YES;
				CLANG_WARN_COMMA = YES;
				CLANG_WARN_CONSTANT_CONVERSION = YES;
				CLANG_WARN_DEPRECATED_OBJC_IMPLEMENTATIONS = YES;
				CLANG_WARN_DIRECT_OBJC_ISA_USAGE = YES_ERROR;
				CLANG_WARN_DOCUMENTATION_COMMENTS = YES;
				CLANG_WARN_EMPTY_BODY = YES;
				CLANG_WARN_ENUM_CONVERSION = YES;
				CLANG_WARN_INFINITE_RECURSION = YES;
				CLANG_WARN_INT_CONVERSION = YES;
				CLANG_WARN_NON_LITERAL_NULL_CONVERSION = YES;
				CLANG_WARN_OBJC_IMPLICIT_RETAIN_SELF = YES;
				CLANG_WARN_OBJC_LITERAL_CONVERSION = YES;
				CLANG_WARN_OBJC_ROOT_CLASS = YES_ERROR;
				CLANG_WARN_QUOTED_INCLUDE_IN_FRAMEWORK_HEADER = YES;
				CLANG_WARN_RANGE_LOOP_ANALYSIS = YES;
				CLANG_WARN_STRICT_PROTOTYPES = YES;
				CLANG_WARN_SUSPICIOUS_MOVE = YES;
				CLANG_WARN_UNGUARDED_AVAILABILITY = YES_AGGRESSIVE;
				CLANG_WARN_UNREACHABLE_CODE = YES;
				CLANG_WARN__DUPLICATE_METHOD_MATCH = YES;
				COPY_PHASE_STRIP = NO;
				DEBUG_INFORMATION_FORMAT = dwarf;
				ENABLE_STRICT_OBJC_MSGSEND = YES;
				ENABLE_TESTABILITY = YES;
				GCC_C_LANGUAGE_STANDARD = gnu11;
				GCC_DYNAMIC_NO_PIC = NO;
				GCC_NO_COMMON_BLOCKS = YES;
				GCC_OPTIMIZATION_LEVEL = 0;
				GCC_PREPROCESSOR_DEFINITIONS = (
					"DEBUG=1",
					"$(inherited)",
				);
				GCC_WARN_64_TO_32_BIT_CONVERSION = YES;
				GCC_WARN_ABOUT_RETURN_TYPE = YES_ERROR;
				GCC_WARN_UNDECLARED_SELECTOR = YES;
				GCC_WARN_UNINITIALIZED_AUTOS = YES_AGGRESSIVE;
				GCC_WARN_UNUSED_FUNCTION = YES;
				GCC_WARN_UNUSED_VARIABLE = YES;
				IPHONEOS_DEPLOYMENT_TARGET = 14.0;
				MTL_ENABLE_DEBUG_INFO = INCLUDE_SOURCE;
				MTL_FAST_MATH = YES;
				ONLY_ACTIVE_ARCH = YES;
				SDKROOT = iphoneos;
				SWIFT_ACTIVE_COMPILATION_CONDITIONS = DEBUG;
				SWIFT_OPTIMIZATION_LEVEL = "-Onone";
			};
			name = Debug;
		};
		10A6235C2A818CBC008D1D2F /* Release */ = {
			isa = XCBuildConfiguration;
			buildSettings = {
				ALWAYS_SEARCH_USER_PATHS = NO;
				CLANG_ANALYZER_NONNULL = YES;
				CLANG_ANALYZER_NUMBER_OBJECT_CONVERSION = YES_AGGRESSIVE;
				CLANG_CXX_LANGUAGE_STANDARD = "gnu++17";
				CLANG_CXX_LIBRARY = "libc++";
				CLANG_ENABLE_MODULES = YES;
				CLANG_ENABLE_OBJC_ARC = YES;
				CLANG_ENABLE_OBJC_WEAK = YES;
				CLANG_WARN_BLOCK_CAPTURE_AUTORELEASING = YES;
				CLANG_WARN_BOOL_CONVERSION = YES;
				CLANG_WARN_COMMA = YES;
				CLANG_WARN_CONSTANT_CONVERSION = YES;
				CLANG_WARN_DEPRECATED_OBJC_IMPLEMENTATIONS = YES;
				CLANG_WARN_DIRECT_OBJC_ISA_USAGE = YES_ERROR;
				CLANG_WARN_DOCUMENTATION_COMMENTS = YES;
				CLANG_WARN_EMPTY_BODY = YES;
				CLANG_WARN_ENUM_CONVERSION = YES;
				CLANG_WARN_INFINITE_RECURSION = YES;
				CLANG_WARN_INT_CONVERSION = YES;
				CLANG_WARN_NON_LITERAL_NULL_CONVERSION = YES;
				CLANG_WARN_OBJC_IMPLICIT_RETAIN_SELF = YES;
				CLANG_WARN_OBJC_LITERAL_CONVERSION = YES;
				CLANG_WARN_OBJC_ROOT_CLASS = YES_ERROR;
				CLANG_WARN_QUOTED_INCLUDE_IN_FRAMEWORK_HEADER = YES;
				CLANG_WARN_RANGE_LOOP_ANALYSIS = YES;
				CLANG_WARN_STRICT_PROTOTYPES = YES;
				CLANG_WARN_SUSPICIOUS_MOVE = YES;
				CLANG_WARN_UNGUARDED_AVAILABILITY = YES_AGGRESSIVE;
				CLANG_WARN_UNREACHABLE_CODE = YES;
				CLANG_WARN__DUPLICATE_METHOD_MATCH = YES;
				COPY_PHASE_STRIP = NO;
				DEBUG_INFORMATION_FORMAT = "dwarf-with-dsym";
				ENABLE_NS_ASSERTIONS = NO;
				ENABLE_STRICT_OBJC_MSGSEND = YES;
				GCC_C_LANGUAGE_STANDARD = gnu11;
				GCC_NO_COMMON_BLOCKS = YES;
				GCC_WARN_64_TO_32_BIT_CONVERSION = YES;
				GCC_WARN_ABOUT_RETURN_TYPE = YES_ERROR;
				GCC_WARN_UNDECLARED_SELECTOR = YES;
				GCC_WARN_UNINITIALIZED_AUTOS = YES_AGGRESSIVE;
				GCC_WARN_UNUSED_FUNCTION = YES;
				GCC_WARN_UNUSED_VARIABLE = YES;
				IPHONEOS_DEPLOYMENT_TARGET = 14.0;
				MTL_ENABLE_DEBUG_INFO = NO;
				MTL_FAST_MATH = YES;
				SDKROOT = iphoneos;
				SWIFT_COMPILATION_MODE = wholemodule;
				SWIFT_OPTIMIZATION_LEVEL = "-O";
				VALIDATE_PRODUCT = YES;
			};
			name = Release;
		};
		10A6235E2A818CBC008D1D2F /* Debug */ = {
			isa = XCBuildConfiguration;
			buildSettings = {
				ASSETCATALOG_COMPILER_APPICON_NAME = AppIcon;
				ASSETCATALOG_COMPILER_GLOBAL_ACCENT_COLOR_NAME = AccentColor;
				CODE_SIGN_STYLE = Automatic;
				CURRENT_PROJECT_VERSION = 1;
				GENERATE_INFOPLIST_FILE = YES;
				INFOPLIST_FILE = Museum/SupportingFiles/Info.plist;
				INFOPLIST_KEY_UIApplicationSupportsIndirectInputEvents = YES;
				INFOPLIST_KEY_UILaunchStoryboardName = LaunchScreen;
				INFOPLIST_KEY_UIRequiresFullScreen = NO;
				INFOPLIST_KEY_UISupportedInterfaceOrientations = "";
				INFOPLIST_KEY_UISupportedInterfaceOrientations_iPad = "";
				INFOPLIST_KEY_UISupportedInterfaceOrientations_iPhone = "";
				LD_RUNPATH_SEARCH_PATHS = (
					"$(inherited)",
					"@executable_path/Frameworks",
				);
				MARKETING_VERSION = 1.0.0;
				PRODUCT_BUNDLE_IDENTIFIER = com.torna.museum;
				PRODUCT_NAME = "$(TARGET_NAME)";
				SWIFT_EMIT_LOC_STRINGS = YES;
				SWIFT_VERSION = 5.0;
				TARGETED_DEVICE_FAMILY = "1,2";
			};
			name = Debug;
		};
		10A6235F2A818CBC008D1D2F /* Release */ = {
			isa = XCBuildConfiguration;
			buildSettings = {
				ASSETCATALOG_COMPILER_APPICON_NAME = AppIcon;
				ASSETCATALOG_COMPILER_GLOBAL_ACCENT_COLOR_NAME = AccentColor;
				CODE_SIGN_STYLE = Automatic;
				CURRENT_PROJECT_VERSION = 1;
				GENERATE_INFOPLIST_FILE = YES;
				INFOPLIST_FILE = Museum/SupportingFiles/Info.plist;
				INFOPLIST_KEY_UIApplicationSupportsIndirectInputEvents = YES;
				INFOPLIST_KEY_UILaunchStoryboardName = LaunchScreen;
				INFOPLIST_KEY_UIRequiresFullScreen = NO;
				INFOPLIST_KEY_UISupportedInterfaceOrientations = "";
				INFOPLIST_KEY_UISupportedInterfaceOrientations_iPad = "";
				INFOPLIST_KEY_UISupportedInterfaceOrientations_iPhone = "";
				LD_RUNPATH_SEARCH_PATHS = (
					"$(inherited)",
					"@executable_path/Frameworks",
				);
				MARKETING_VERSION = 1.0.0;
				PRODUCT_BUNDLE_IDENTIFIER = com.torna.museum;
				PRODUCT_NAME = "$(TARGET_NAME)";
				SWIFT_EMIT_LOC_STRINGS = YES;
				SWIFT_VERSION = 5.0;
				TARGETED_DEVICE_FAMILY = "1,2";
			};
			name = Release;
		};
		10A623612A818CBC008D1D2F /* Debug */ = {
			isa = XCBuildConfiguration;
			buildSettings = {
				ALWAYS_EMBED_SWIFT_STANDARD_LIBRARIES = YES;
				BUNDLE_LOADER = "$(TEST_HOST)";
				CODE_SIGN_STYLE = Automatic;
				CURRENT_PROJECT_VERSION = 1;
				GENERATE_INFOPLIST_FILE = YES;
				IPHONEOS_DEPLOYMENT_TARGET = 15.0;
				LD_RUNPATH_SEARCH_PATHS = (
					"$(inherited)",
					"@executable_path/Frameworks",
					"@loader_path/Frameworks",
				);
				MARKETING_VERSION = 1.0;
				PRODUCT_BUNDLE_IDENTIFIER = com.torna.museum.MuseumTests;
				PRODUCT_NAME = "$(TARGET_NAME)";
				SWIFT_EMIT_LOC_STRINGS = NO;
				SWIFT_VERSION = 5.0;
				TARGETED_DEVICE_FAMILY = "1,2";
				TEST_HOST = "$(BUILT_PRODUCTS_DIR)/Museum.app/Museum";
			};
			name = Debug;
		};
		10A623622A818CBC008D1D2F /* Release */ = {
			isa = XCBuildConfiguration;
			buildSettings = {
				ALWAYS_EMBED_SWIFT_STANDARD_LIBRARIES = YES;
				BUNDLE_LOADER = "$(TEST_HOST)";
				CODE_SIGN_STYLE = Automatic;
				CURRENT_PROJECT_VERSION = 1;
				GENERATE_INFOPLIST_FILE = YES;
				IPHONEOS_DEPLOYMENT_TARGET = 15.0;
				LD_RUNPATH_SEARCH_PATHS = (
					"$(inherited)",
					"@executable_path/Frameworks",
					"@loader_path/Frameworks",
				);
				MARKETING_VERSION = 1.0;
				PRODUCT_BUNDLE_IDENTIFIER = com.torna.museum.MuseumTests;
				PRODUCT_NAME = "$(TARGET_NAME)";
				SWIFT_EMIT_LOC_STRINGS = NO;
				SWIFT_VERSION = 5.0;
				TARGETED_DEVICE_FAMILY = "1,2";
				TEST_HOST = "$(BUILT_PRODUCTS_DIR)/Museum.app/Museum";
			};
			name = Release;
		};
/* End XCBuildConfiguration section */

/* Begin XCConfigurationList section */
		10A6232E2A818CB9008D1D2F /* Build configuration list for PBXProject "Museum" */ = {
			isa = XCConfigurationList;
			buildConfigurations = (
				10A6235B2A818CBC008D1D2F /* Debug */,
				10A6235C2A818CBC008D1D2F /* Release */,
			);
			defaultConfigurationIsVisible = 0;
			defaultConfigurationName = Release;
		};
		10A6235D2A818CBC008D1D2F /* Build configuration list for PBXNativeTarget "Museum" */ = {
			isa = XCConfigurationList;
			buildConfigurations = (
				10A6235E2A818CBC008D1D2F /* Debug */,
				10A6235F2A818CBC008D1D2F /* Release */,
			);
			defaultConfigurationIsVisible = 0;
			defaultConfigurationName = Release;
		};
		10A623602A818CBC008D1D2F /* Build configuration list for PBXNativeTarget "MuseumTests" */ = {
			isa = XCConfigurationList;
			buildConfigurations = (
				10A623612A818CBC008D1D2F /* Debug */,
				10A623622A818CBC008D1D2F /* Release */,
			);
			defaultConfigurationIsVisible = 0;
			defaultConfigurationName = Release;
		};
/* End XCConfigurationList section */

/* Begin XCSwiftPackageProductDependency section */
		10751D572A82D85D001DB36D /* Networking */ = {
			isa = XCSwiftPackageProductDependency;
			productName = Networking;
		};
/* End XCSwiftPackageProductDependency section */
	};
	rootObject = 10A6232B2A818CB9008D1D2F /* Project object */;
}
